
Microsoft Visual Studio Solution File, Format Version 12.00
# Visual Studio Version 16
VisualStudioVersion = 16.0.32002.261
MinimumVisualStudioVersion = 10.0.40219.1
Project("{FAE04EC0-301F-11D3-BF4B-00C04F79EFBC}") = "WebApplication4", "WebApplication4.csproj", "{DC361615-B16C-4408-8C49-C5145D47A17E}"
EndProject
Global
	GlobalSection(SolutionConfigurationPlatforms) = preSolution
		Debug|Any CPU = Debug|Any CPU
		Release|Any CPU = Release|Any CPU
	EndGlobalSection
	GlobalSection(ProjectConfigurationPlatforms) = postSolution
		{DC361615-B16C-4408-8C49-C5145D47A17E}.Debug|Any CPU.ActiveCfg = Debug|Any CPU
		{DC361615-B16C-4408-8C49-C5145D47A17E}.Debug|Any CPU.Build.0 = Debug|Any CPU
		{DC361615-B16C-4408-8C49-C5145D47A17E}.Release|Any CPU.ActiveCfg = Release|Any CPU
		{DC361615-B16C-4408-8C49-C5145D47A17E}.Release|Any CPU.Build.0 = Release|Any CPU
	EndGlobalSection
	GlobalSection(SolutionProperties) = preSolution
		HideSolutionNode = FALSE
	EndGlobalSection
	GlobalSection(ExtensibilityGlobals) = postSolution
		SolutionGuid = {5ACD1DAB-3C0B-4C83-B411-41ACBB5A8CCA}
	EndGlobalSection
EndGlobal
